schema: '2.0'
stages:
  train:
    cmd: python train.py
    deps:
    - path: train.py
      hash: md5
      md5: 0cd17711aafb8da9643bbaf125e040f6
      size: 7203
    params:
      params.yaml:
        train.batch_size: 64
        train.lr: 0.2
    outs:
    - path: full_model.pth
      hash: md5
      md5: 52052c522ad4bfc3f0a2a7ec4ff5ca99
      size: 104808
    - path: test_data.pt
      hash: md5
      md5: 85ba9721e8544873a4c67cc49a237d99
      size: 7921764
    - path: training_data.json
      hash: md5
      md5: 343cd9140f5c1ee9c9ba204d9a6e5472
      size: 1929
  evaluate:
    cmd: python evaluate.py
    deps:
    - path: evaluate.py
      hash: md5
      md5: 331c7b7121808657cdb88a77b2a6c6de
      size: 5782
    - path: full_model.pth
      hash: md5
      md5: 52052c522ad4bfc3f0a2a7ec4ff5ca99
      size: 104808
    - path: test_data.pt
      hash: md5
      md5: 85ba9721e8544873a4c67cc49a237d99
      size: 7921764
    params:
      params.yaml:
        train.batch_size: 64
    outs:
    - path: confusion_matrix.csv
      hash: md5
      md5: 3b627f489905481e9b81e92ba8eeec42
      size: 298
    - path: loss.png
      hash: md5
      md5: a27d1d9875e88f32dea59ee2247943a6
      size: 27626
    - path: metrics.json
      hash: md5
      md5: 953132c9b58b2810915a8e5d10b824c7
      size: 926
  export:
    cmd: python export_model.py
    deps:
    - path: export_model.py
      hash: md5
      md5: aff4e312a5f54fb72e9397179117629d
      size: 720
    - path: full_model.pth
      hash: md5
      md5: 52052c522ad4bfc3f0a2a7ec4ff5ca99
      size: 104808
    params:
      params.yaml:
        train.batch_size: 64
    outs:
    - path: mnist_model.onnx
      hash: md5
      md5: 61bd32d2fd356fdead8ecd3b9c450932
      size: 107739
  measure:
    cmd: python measure.py
    deps:
    - path: bar_1.json
      hash: md5
      md5: 1abfce1ddffdd19b77a5a827b726a824
      size: 474
    - path: bar_2.json
      hash: md5
      md5: 77565dd0c332852d5f4c81098fc7e689
      size: 484
    - path: bar_3.json
      hash: md5
      md5: cf35cfb10c6d62c894bbbf9f1a166ead
      size: 582
    - path: measure.py
      hash: md5
      md5: f1d3212ff96aafb78f085c3ac611752f
      size: 16358
    - path: mnist_model.onnx
      hash: md5
      md5: 61bd32d2fd356fdead8ecd3b9c450932
      size: 107739
    - path: test_data.pt
      hash: md5
      md5: 85ba9721e8544873a4c67cc49a237d99
      size: 7921764
    params:
      params.yaml:
        train.batch_size: 64
    outs:
    - path: latency_results.json
      hash: md5
      md5: 04549f4dd20d4a1c6102b62bcf6e3b94
      size: 16905
    - path: tensorrt_inteference.txt
      hash: md5
      md5: d49414da3e1c2814bfdd4a385ba4b4ac
      size: 256
    - path: throughput_results.json
      hash: md5
      md5: 30ca08a3f843dd1c05acf67461abbab1
      size: 7730
    - path: throughput_results_2.json
      hash: md5
      md5: 30ca08a3f843dd1c05acf67461abbab1
      size: 7730
